<?xml version="1.0" encoding="utf-8"?>
<Project ToolsVersion="4.0" xmlns="http://schemas.microsoft.com/developer/msbuild/2003">
  <ItemGroup>
    <ClCompile Include="Game.cpp" />
    <ClCompile Include="main.cpp" />
    <ClCompile Include="Player.cpp" />
    <ClCompile Include="SpriteSheet.cpp" />
    <ClCompile Include="Text.cpp" />
  </ItemGroup>
  <ItemGroup>
    <ClInclude Include="Common.hpp" />
    <ClInclude Include="Game.hpp" />
    <ClInclude Include="Player.hpp" />
    <ClInclude Include="SpriteSheet.hpp" />
    <ClInclude Include="Text.hpp" />
    <ClInclude Include="sol\config.hpp">
      <Filter>sol</Filter>
    </ClInclude>
    <ClInclude Include="sol\forward.hpp">
      <Filter>sol</Filter>
    </ClInclude>
    <ClInclude Include="sol\sol.hpp">
      <Filter>sol</Filter>
    </ClInclude>
  </ItemGroup>
  <ItemGroup>
    <Filter Include="sol">
      <UniqueIdentifier>{0cccb1ec-0c9b-44f8-82f6-2a86c19bc98c}</UniqueIdentifier>
    </Filter>
  </ItemGroup>
</Project>